
Microsoft Visual Studio Solution File, Format Version 12.00
# Visual Studio Version 17
VisualStudioVersion = 17.4.33122.133
MinimumVisualStudioVersion = 10.0.40219.1
Project("{FAE04EC0-301F-11D3-BF4B-00C04F79EFBC}") = "eTickets", "eTickets\eTickets.csproj", "{DFDFEB3E-B063-4AF0-A66D-1719F5F88F2E}"
EndProject
Global
	GlobalSection(SolutionConfigurationPlatforms) = preSolution
		Debug|Any CPU = Debug|Any CPU
		Release|Any CPU = Release|Any CPU
	EndGlobalSection
	GlobalSection(ProjectConfigurationPlatforms) = postSolution
		{DFDFEB3E-B063-4AF0-A66D-1719F5F88F2E}.Debug|Any CPU.ActiveCfg = Debug|Any CPU
		{DFDFEB3E-B063-4AF0-A66D-1719F5F88F2E}.Debug|Any CPU.Build.0 = Debug|Any CPU
		{DFDFEB3E-B063-4AF0-A66D-1719F5F88F2E}.Release|Any CPU.ActiveCfg = Release|Any CPU
		{DFDFEB3E-B063-4AF0-A66D-1719F5F88F2E}.Release|Any CPU.Build.0 = Release|Any CPU
	EndGlobalSection
	GlobalSection(SolutionProperties) = preSolution
		HideSolutionNode = FALSE
	EndGlobalSection
	GlobalSection(ExtensibilityGlobals) = postSolution
		SolutionGuid = {21D85C56-E131-46F7-A769-570A2F7229E0}
	EndGlobalSection
EndGlobal
